
Microsoft Visual Studio Solution File, Format Version 12.00
# Visual Studio 15
VisualStudioVersion = 15.0.26124.0
MinimumVisualStudioVersion = 15.0.26124.0
Project("{FAE04EC0-301F-11D3-BF4B-00C04F79EFBC}") = "API", "API\API.csproj", "{299F7B54-3A08-466D-866D-91A330823E0D}"
EndProject
Project("{FAE04EC0-301F-11D3-BF4B-00C04F79EFBC}") = "Core", "Core\Core.csproj", "{71253242-C33B-4801-9E53-4D5D2FE72D28}"
EndProject
Project("{FAE04EC0-301F-11D3-BF4B-00C04F79EFBC}") = "Infrastructure", "Infrastructure\Infrastructure.csproj", "{05C2D355-0E5C-482C-AD32-0D1697B6719D}"
EndProject
Global
	GlobalSection(SolutionConfigurationPlatforms) = preSolution
		Debug|Any CPU = Debug|Any CPU
		Debug|x64 = Debug|x64
		Debug|x86 = Debug|x86
		Release|Any CPU = Release|Any CPU
		Release|x64 = Release|x64
		Release|x86 = Release|x86
	EndGlobalSection
	GlobalSection(SolutionProperties) = preSolution
		HideSolutionNode = FALSE
	EndGlobalSection
	GlobalSection(ProjectConfigurationPlatforms) = postSolution
		{299F7B54-3A08-466D-866D-91A330823E0D}.Debug|Any CPU.ActiveCfg = Debug|Any CPU
		{299F7B54-3A08-466D-866D-91A330823E0D}.Debug|Any CPU.Build.0 = Debug|Any CPU
		{299F7B54-3A08-466D-866D-91A330823E0D}.Debug|x64.ActiveCfg = Debug|Any CPU
		{299F7B54-3A08-466D-866D-91A330823E0D}.Debug|x64.Build.0 = Debug|Any CPU
		{299F7B54-3A08-466D-866D-91A330823E0D}.Debug|x86.ActiveCfg = Debug|Any CPU
		{299F7B54-3A08-466D-866D-91A330823E0D}.Debug|x86.Build.0 = Debug|Any CPU
		{299F7B54-3A08-466D-866D-91A330823E0D}.Release|Any CPU.ActiveCfg = Release|Any CPU
		{299F7B54-3A08-466D-866D-91A330823E0D}.Release|Any CPU.Build.0 = Release|Any CPU
		{299F7B54-3A08-466D-866D-91A330823E0D}.Release|x64.ActiveCfg = Release|Any CPU
		{299F7B54-3A08-466D-866D-91A330823E0D}.Release|x64.Build.0 = Release|Any CPU
		{299F7B54-3A08-466D-866D-91A330823E0D}.Release|x86.ActiveCfg = Release|Any CPU
		{299F7B54-3A08-466D-866D-91A330823E0D}.Release|x86.Build.0 = Release|Any CPU
		{71253242-C33B-4801-9E53-4D5D2FE72D28}.Debug|Any CPU.ActiveCfg = Debug|Any CPU
		{71253242-C33B-4801-9E53-4D5D2FE72D28}.Debug|Any CPU.Build.0 = Debug|Any CPU
		{71253242-C33B-4801-9E53-4D5D2FE72D28}.Debug|x64.ActiveCfg = Debug|Any CPU
		{71253242-C33B-4801-9E53-4D5D2FE72D28}.Debug|x64.Build.0 = Debug|Any CPU
		{71253242-C33B-4801-9E53-4D5D2FE72D28}.Debug|x86.ActiveCfg = Debug|Any CPU
		{71253242-C33B-4801-9E53-4D5D2FE72D28}.Debug|x86.Build.0 = Debug|Any CPU
		{71253242-C33B-4801-9E53-4D5D2FE72D28}.Release|Any CPU.ActiveCfg = Release|Any CPU
		{71253242-C33B-4801-9E53-4D5D2FE72D28}.Release|Any CPU.Build.0 = Release|Any CPU
		{71253242-C33B-4801-9E53-4D5D2FE72D28}.Release|x64.ActiveCfg = Release|Any CPU
		{71253242-C33B-4801-9E53-4D5D2FE72D28}.Release|x64.Build.0 = Release|Any CPU
		{71253242-C33B-4801-9E53-4D5D2FE72D28}.Release|x86.ActiveCfg = Release|Any CPU
		{71253242-C33B-4801-9E53-4D5D2FE72D28}.Release|x86.Build.0 = Release|Any CPU
		{05C2D355-0E5C-482C-AD32-0D1697B6719D}.Debug|Any CPU.ActiveCfg = Debug|Any CPU
		{05C2D355-0E5C-482C-AD32-0D1697B6719D}.Debug|Any CPU.Build.0 = Debug|Any CPU
		{05C2D355-0E5C-482C-AD32-0D1697B6719D}.Debug|x64.ActiveCfg = Debug|Any CPU
		{05C2D355-0E5C-482C-AD32-0D1697B6719D}.Debug|x64.Build.0 = Debug|Any CPU
		{05C2D355-0E5C-482C-AD32-0D1697B6719D}.Debug|x86.ActiveCfg = Debug|Any CPU
		{05C2D355-0E5C-482C-AD32-0D1697B6719D}.Debug|x86.Build.0 = Debug|Any CPU
		{05C2D355-0E5C-482C-AD32-0D1697B6719D}.Release|Any CPU.ActiveCfg = Release|Any CPU
		{05C2D355-0E5C-482C-AD32-0D1697B6719D}.Release|Any CPU.Build.0 = Release|Any CPU
		{05C2D355-0E5C-482C-AD32-0D1697B6719D}.Release|x64.ActiveCfg = Release|Any CPU
		{05C2D355-0E5C-482C-AD32-0D1697B6719D}.Release|x64.Build.0 = Release|Any CPU
		{05C2D355-0E5C-482C-AD32-0D1697B6719D}.Release|x86.ActiveCfg = Release|Any CPU
		{05C2D355-0E5C-482C-AD32-0D1697B6719D}.Release|x86.Build.0 = Release|Any CPU
	EndGlobalSection
EndGlobal
